// !$*UTF8*$!
{
	archiveVersion = 1;
	classes = {
	};
	objectVersion = 46;
	objects = {

/* Begin PBXBuildFile section */
		84F0CCCD1B7379770086CE42 /* main.m in Sources */ = {isa = PBXBuildFile; fileRef = 84F0CCCC1B7379770086CE42 /* main.m */; };
		84F0CCD01B7379770086CE42 /* AppDelegate.m in Sources */ = {isa = PBXBuildFile; fileRef = 84F0CCCF1B7379770086CE42 /* AppDelegate.m */; };
		84F0CCD61B7379770086CE42 /* Main.storyboard in Resources */ = {isa = PBXBuildFile; fileRef = 84F0CCD41B7379770086CE42 /* Main.storyboard */; };
		84F0CCD81B7379770086CE42 /* Images.xcassets in Resources */ = {isa = PBXBuildFile; fileRef = 84F0CCD71B7379770086CE42 /* Images.xcassets */; };
		84F0CCDB1B7379770086CE42 /* LaunchScreen.xib in Resources */ = {isa = PBXBuildFile; fileRef = 84F0CCD91B7379770086CE42 /* LaunchScreen.xib */; };
		84F0CCE71B7379770086CE42 /* AssignmentThreeTests.m in Sources */ = {isa = PBXBuildFile; fileRef = 84F0CCE61B7379770086CE42 /* AssignmentThreeTests.m */; };
		84F0CCF21B7381EB0086CE42 /* InitialViewController.m in Sources */ = {isa = PBXBuildFile; fileRef = 84F0CCF11B7381EB0086CE42 /* InitialViewController.m */; };
		84F0CCF61B7384840086CE42 /* DisplayViewController.m in Sources */ = {isa = PBXBuildFile; fileRef = 84F0CCF51B7384840086CE42 /* DisplayViewController.m */; };
/* End PBXBuildFile section */

/* Begin PBXContainerItemProxy section */
		84F0CCE11B7379770086CE42 /* PBXContainerItemProxy */ = {
			isa = PBXContainerItemProxy;
			containerPortal = 84F0CCBF1B7379770086CE42 /* Project object */;
			proxyType = 1;
			remoteGlobalIDString = 84F0CCC61B7379770086CE42;
			remoteInfo = AssignmentThree;
		};
/* End PBXContainerItemProxy section */

/* Begin PBXFileReference section */
		84F0CCC71B7379770086CE42 /* AssignmentThree.app */ = {isa = PBXFileReference; explicitFileType = wrapper.application; includeInIndex = 0; path = AssignmentThree.app; sourceTree = BUILT_PRODUCTS_DIR; };
		84F0CCCB1B7379770086CE42 /* Info.plist */ = {isa = PBXFileReference; lastKnownFileType = text.plist.xml; path = Info.plist; sourceTree = "<group>"; };
		84F0CCCC1B7379770086CE42 /* main.m */ = {isa = PBXFileReference; lastKnownFileType = sourcecode.c.objc; path = main.m; sourceTree = "<group>"; };
		84F0CCCE1B7379770086CE42 /* AppDelegate.h */ = {isa = PBXFileReference; lastKnownFileType = sourcecode.c.h; path = AppDelegate.h; sourceTree = "<group>"; };
		84F0CCCF1B7379770086CE42 /* AppDelegate.m */ = {isa = PBXFileReference; lastKnownFileType = sourcecode.c.objc; path = AppDelegate.m; sourceTree = "<group>"; };
		84F0CCD51B7379770086CE42 /* Base */ = {isa = PBXFileReference; lastKnownFileType = file.storyboard; name = Base; path = Base.lproj/Main.storyboard; sourceTree = "<group>"; };
		84F0CCD71B7379770086CE42 /* Images.xcassets */ = {isa = PBXFileReference; lastKnownFileType = folder.assetcatalog; path = Images.xcassets; sourceTree = "<group>"; };
		84F0CCDA1B7379770086CE42 /* Base */ = {isa = PBXFileReference; lastKnownFileType = file.xib; name = Base; path = Base.lproj/LaunchScreen.xib; sourceTree = "<group>"; };
		84F0CCE01B7379770086CE42 /* AssignmentThreeTests.xctest */ = {isa = PBXFileReference; explicitFileType = wrapper.cfbundle; includeInIndex = 0; path = AssignmentThreeTests.xctest; sourceTree = BUILT_PRODUCTS_DIR; };
		84F0CCE51B7379770086CE42 /* Info.plist */ = {isa = PBXFileReference; lastKnownFileType = text.plist.xml; path = Info.plist; sourceTree = "<group>"; };
		84F0CCE61B7379770086CE42 /* AssignmentThreeTests.m */ = {isa = PBXFileReference; lastKnownFileType = sourcecode.c.objc; path = AssignmentThreeTests.m; sourceTree = "<group>"; };
		84F0CCF01B7381EB0086CE42 /* InitialViewController.h */ = {isa = PBXFileReference; fileEncoding = 4; lastKnownFileType = sourcecode.c.h; path = InitialViewController.h; sourceTree = "<group>"; };
		84F0CCF11B7381EB0086CE42 /* InitialViewController.m */ = {isa = PBXFileReference; fileEncoding = 4; lastKnownFileType = sourcecode.c.objc; path = InitialViewController.m; sourceTree = "<group>"; };
		84F0CCF41B7384840086CE42 /* DisplayViewController.h */ = {isa = PBXFileReference; fileEncoding = 4; lastKnownFileType = sourcecode.c.h; path = DisplayViewController.h; sourceTree = "<group>"; };
		84F0CCF51B7384840086CE42 /* DisplayViewController.m */ = {isa = PBXFileReference; fileEncoding = 4; lastKnownFileType = sourcecode.c.objc; path = DisplayViewController.m; sourceTree = "<group>"; };
/* End PBXFileReference section */

/* Begin PBXFrameworksBuildPhase section */
		84F0CCC41B7379770086CE42 /* Frameworks */ = {
			isa = PBXFrameworksBuildPhase;
			buildActionMask = 2147483647;
			files = (
			);
			runOnlyForDeploymentPostprocessing = 0;
		};
		84F0CCDD1B7379770086CE42 /* Frameworks */ = {
			isa = PBXFrameworksBuildPhase;
			buildActionMask = 2147483647;
			files = (
			);
			runOnlyForDeploymentPostprocessing = 0;
		};
/* End PBXFrameworksBuildPhase section */

/* Begin PBXGroup section */
		84F0CCBE1B7379770086CE42 = {
			isa = PBXGroup;
			children = (
				84F0CCC91B7379770086CE42 /* AssignmentThree */,
				84F0CCE31B7379770086CE42 /* AssignmentThreeTests */,
				84F0CCC81B7379770086CE42 /* Products */,
			);
			sourceTree = "<group>";
		};
		84F0CCC81B7379770086CE42 /* Products */ = {
			isa = PBXGroup;
			children = (
				84F0CCC71B7379770086CE42 /* AssignmentThree.app */,
				84F0CCE01B7379770086CE42 /* AssignmentThreeTests.xctest */,
			);
			name = Products;
			sourceTree = "<group>";
		};
		84F0CCC91B7379770086CE42 /* AssignmentThree */ = {
			isa = PBXGroup;
			children = (
				84F0CCCE1B7379770086CE42 /* AppDelegate.h */,
				84F0CCCF1B7379770086CE42 /* AppDelegate.m */,
				84F0CCD41B7379770086CE42 /* Main.storyboard */,
				84F0CCD71B7379770086CE42 /* Images.xcassets */,
				84F0CCF31B7381F80086CE42 /* Controllers */,
				84F0CCD91B7379770086CE42 /* LaunchScreen.xib */,
				84F0CCCA1B7379770086CE42 /* Supporting Files */,
			);
			path = AssignmentThree;
			sourceTree = "<group>";
		};
		84F0CCCA1B7379770086CE42 /* Supporting Files */ = {
			isa = PBXGroup;
			children = (
				84F0CCCB1B7379770086CE42 /* Info.plist */,
				84F0CCCC1B7379770086CE42 /* main.m */,
			);
			name = "Supporting Files";
			sourceTree = "<group>";
		};
		84F0CCE31B7379770086CE42 /* AssignmentThreeTests */ = {
			isa = PBXGroup;
			children = (
				84F0CCE61B7379770086CE42 /* AssignmentThreeTests.m */,
				84F0CCE41B7379770086CE42 /* Supporting Files */,
			);
			path = AssignmentThreeTests;
			sourceTree = "<group>";
		};
		84F0CCE41B7379770086CE42 /* Supporting Files */ = {
			isa = PBXGroup;
			children = (
				84F0CCE51B7379770086CE42 /* Info.plist */,
			);
			name = "Supporting Files";
			sourceTree = "<group>";
		};
		84F0CCF31B7381F80086CE42 /* Controllers */ = {
			isa = PBXGroup;
			children = (
				84F0CCF11B7381EB0086CE42 /* InitialViewController.m */,
				84F0CCF01B7381EB0086CE42 /* InitialViewController.h */,
				84F0CCF41B7384840086CE42 /* DisplayViewController.h */,
				84F0CCF51B7384840086CE42 /* DisplayViewController.m */,
			);
			name = Controllers;
			sourceTree = "<group>";
		};
/* End PBXGroup section */

/* Begin PBXNativeTarget section */
		84F0CCC61B7379770086CE42 /* AssignmentThree */ = {
			isa = PBXNativeTarget;
			buildConfigurationList = 84F0CCEA1B7379770086CE42 /* Build configuration list for PBXNativeTarget "AssignmentThree" */;
			buildPhases = (
				84F0CCC31B7379770086CE42 /* Sources */,
				84F0CCC41B7379770086CE42 /* Frameworks */,
				84F0CCC51B7379770086CE42 /* Resources */,
			);
			buildRules = (
			);
			dependencies = (
			);
			name = AssignmentThree;
			productName = AssignmentThree;
			productReference = 84F0CCC71B7379770086CE42 /* AssignmentThree.app */;
			productType = "com.apple.product-type.application";
		};
		84F0CCDF1B7379770086CE42 /* AssignmentThreeTests */ = {
			isa = PBXNativeTarget;
			buildConfigurationList = 84F0CCED1B7379770086CE42 /* Build configuration list for PBXNativeTarget "AssignmentThreeTests" */;
			buildPhases = (
				84F0CCDC1B7379770086CE42 /* Sources */,
				84F0CCDD1B7379770086CE42 /* Frameworks */,
				84F0CCDE1B7379770086CE42 /* Resources */,
			);
			buildRules = (
			);
			dependencies = (
				84F0CCE21B7379770086CE42 /* PBXTargetDependency */,
			);
			name = AssignmentThreeTests;
			productName = AssignmentThreeTests;
			productReference = 84F0CCE01B7379770086CE42 /* AssignmentThreeTests.xctest */;
			productType = "com.apple.product-type.bundle.unit-test";
		};
/* End PBXNativeTarget section */

/* Begin PBXProject section */
		84F0CCBF1B7379770086CE42 /* Project object */ = {
			isa = PBXProject;
			attributes = {
				LastUpgradeCheck = 0640;
				ORGANIZATIONNAME = weboniselab;
				TargetAttributes = {
					84F0CCC61B7379770086CE42 = {
						CreatedOnToolsVersion = 6.4;
					};
					84F0CCDF1B7379770086CE42 = {
						CreatedOnToolsVersion = 6.4;
						TestTargetID = 84F0CCC61B7379770086CE42;
					};
				};
			};
			buildConfigurationList = 84F0CCC21B7379770086CE42 /* Build configuration list for PBXProject "AssignmentThree" */;
			compatibilityVersion = "Xcode 3.2";
			developmentRegion = English;
			hasScannedForEncodings = 0;
			knownRegions = (
				en,
				Base,
			);
			mainGroup = 84F0CCBE1B7379770086CE42;
			productRefGroup = 84F0CCC81B7379770086CE42 /* Products */;
			projectDirPath = "";
			projectRoot = "";
			targets = (
				84F0CCC61B7379770086CE42 /* AssignmentThree */,
				84F0CCDF1B7379770086CE42 /* AssignmentThreeTests */,
			);
		};
/* End PBXProject section */

/* Begin PBXResourcesBuildPhase section */
		84F0CCC51B7379770086CE42 /* Resources */ = {
			isa = PBXResourcesBuildPhase;
			buildActionMask = 2147483647;
			files = (
				84F0CCD61B7379770086CE42 /* Main.storyboard in Resources */,
				84F0CCDB1B7379770086CE42 /* LaunchScreen.xib in Resources */,
				84F0CCD81B7379770086CE42 /* Images.xcassets in Resources */,
			);
			runOnlyForDeploymentPostprocessing = 0;
		};
		84F0CCDE1B7379770086CE42 /* Resources */ = {
			isa = PBXResourcesBuildPhase;
			buildActionMask = 2147483647;
			files = (
			);
			runOnlyForDeploymentPostprocessing = 0;
		};
/* End PBXResourcesBuildPhase section */

/* Begin PBXSourcesBuildPhase section */
		84F0CCC31B7379770086CE42 /* Sources */ = {
			isa = PBXSourcesBuildPhase;
			buildActionMask = 2147483647;
			files = (
				84F0CCF21B7381EB0086CE42 /* InitialViewController.m in Sources */,
				84F0CCD01B7379770086CE42 /* AppDelegate.m in Sources */,
				84F0CCCD1B7379770086CE42 /* main.m in Sources */,
				84F0CCF61B7384840086CE42 /* DisplayViewController.m in Sources */,
			);
			runOnlyForDeploymentPostprocessing = 0;
		};
		84F0CCDC1B7379770086CE42 /* Sources */ = {
			isa = PBXSourcesBuildPhase;
			buildActionMask = 2147483647;
			files = (
				84F0CCE71B7379770086CE42 /* AssignmentThreeTests.m in Sources */,
			);
			runOnlyForDeploymentPostprocessing = 0;
		};
/* End PBXSourcesBuildPhase section */

/* Begin PBXTargetDependency section */
		84F0CCE21B7379770086CE42 /* PBXTargetDependency */ = {
			isa = PBXTargetDependency;
			target = 84F0CCC61B7379770086CE42 /* AssignmentThree */;
			targetProxy = 84F0CCE11B7379770086CE42 /* PBXContainerItemProxy */;
		};
/* End PBXTargetDependency section */

/* Begin PBXVariantGroup section */
		84F0CCD41B7379770086CE42 /* Main.storyboard */ = {
			isa = PBXVariantGroup;
			children = (
				84F0CCD51B7379770086CE42 /* Base */,
			);
			name = Main.storyboard;
			sourceTree = "<group>";
		};
		84F0CCD91B7379770086CE42 /* LaunchScreen.xib */ = {
			isa = PBXVariantGroup;
			children = (
				84F0CCDA1B7379770086CE42 /* Base */,
			);
			name = LaunchScreen.xib;
			sourceTree = "<group>";
		};
/* End PBXVariantGroup section */

/* Begin XCBuildConfiguration section */
		84F0CCE81B7379770086CE42 /* Debug */ = {
			isa = XCBuildConfiguration;
			buildSettings = {
				ALWAYS_SEARCH_USER_PATHS = NO;
				CLANG_CXX_LANGUAGE_STANDARD = "gnu++0x";
				CLANG_CXX_LIBRARY = "libc++";
				CLANG_ENABLE_MODULES = YES;
				CLANG_ENABLE_OBJC_ARC = YES;
				CLANG_WARN_BOOL_CONVERSION = YES;
				CLANG_WARN_CONSTANT_CONVERSION = YES;
				CLANG_WARN_DIRECT_OBJC_ISA_USAGE = YES_ERROR;
				CLANG_WARN_EMPTY_BODY = YES;
				CLANG_WARN_ENUM_CONVERSION = YES;
				CLANG_WARN_INT_CONVERSION = YES;
				CLANG_WARN_OBJC_ROOT_CLASS = YES_ERROR;
				CLANG_WARN_UNREACHABLE_CODE = YES;
				CLANG_WARN__DUPLICATE_METHOD_MATCH = YES;
				"CODE_SIGN_IDENTITY[sdk=iphoneos*]" = "iPhone Developer";
				COPY_PHASE_STRIP = NO;
				DEBUG_INFORMATION_FORMAT = "dwarf-with-dsym";
				ENABLE_STRICT_OBJC_MSGSEND = YES;
				GCC_C_LANGUAGE_STANDARD = gnu99;
				GCC_DYNAMIC_NO_PIC = NO;
				GCC_NO_COMMON_BLOCKS = YES;
				GCC_OPTIMIZATION_LEVEL = 0;
				GCC_PREPROCESSOR_DEFINITIONS = (
					"DEBUG=1",
					"$(inherited)",
				);
				GCC_SYMBOLS_PRIVATE_EXTERN = NO;
				GCC_WARN_64_TO_32_BIT_CONVERSION = YES;
				GCC_WARN_ABOUT_RETURN_TYPE = YES_ERROR;
				GCC_WARN_UNDECLARED_SELECTOR = YES;
				GCC_WARN_UNINITIALIZED_AUTOS = YES_AGGRESSIVE;
				GCC_WARN_UNUSED_FUNCTION = YES;
				GCC_WARN_UNUSED_VARIABLE = YES;
				IPHONEOS_DEPLOYMENT_TARGET = 8.4;
				MTL_ENABLE_DEBUG_INFO = YES;
				ONLY_ACTIVE_ARCH = YES;
				SDKROOT = iphoneos;
			};
			name = Debug;
		};
		84F0CCE91B7379770086CE42 /* Release */ = {
			isa = XCBuildConfiguration;
			buildSettings = {
				ALWAYS_SEARCH_USER_PATHS = NO;
				CLANG_CXX_LANGUAGE_STANDARD = "gnu++0x";
				CLANG_CXX_LIBRARY = "libc++";
				CLANG_ENABLE_MODULES = YES;
				CLANG_ENABLE_OBJC_ARC = YES;
				CLANG_WARN_BOOL_CONVERSION = YES;
				CLANG_WARN_CONSTANT_CONVERSION = YES;
				CLANG_WARN_DIRECT_OBJC_ISA_USAGE = YES_ERROR;
				CLANG_WARN_EMPTY_BODY = YES;
				CLANG_WARN_ENUM_CONVERSION = YES;
				CLANG_WARN_INT_CONVERSION = YES;
				CLANG_WARN_OBJC_ROOT_CLASS = YES_ERROR;
				CLANG_WARN_UNREACHABLE_CODE = YES;
				CLANG_WARN__DUPLICATE_METHOD_MATCH = YES;
				"CODE_SIGN_IDENTITY[sdk=iphoneos*]" = "iPhone Developer";
				COPY_PHASE_STRIP = NO;
				DEBUG_INFORMATION_FORMAT = "dwarf-with-dsym";
				ENABLE_NS_ASSERTIONS = NO;
				ENABLE_STRICT_OBJC_MSGSEND = YES;
				GCC_C_LANGUAGE_STANDARD = gnu99;
				GCC_NO_COMMON_BLOCKS = YES;
				GCC_WARN_64_TO_32_BIT_CONVERSION = YES;
				GCC_WARN_ABOUT_RETURN_TYPE = YES_ERROR;
				GCC_WARN_UNDECLARED_SELECTOR = YES;
				GCC_WARN_UNINITIALIZED_AUTOS = YES_AGGRESSIVE;
				GCC_WARN_UNUSED_FUNCTION = YES;
				GCC_WARN_UNUSED_VARIABLE = YES;
				IPHONEOS_DEPLOYMENT_TARGET = 8.4;
				MTL_ENABLE_DEBUG_INFO = NO;
				SDKROOT = iphoneos;
				VALIDATE_PRODUCT = YES;
			};
			name = Release;
		};
		84F0CCEB1B7379770086CE42 /* Debug */ = {
			isa = XCBuildConfiguration;
			buildSettings = {
				ASSETCATALOG_COMPILER_APPICON_NAME = AppIcon;
				INFOPLIST_FILE = AssignmentThree/Info.plist;
				LD_RUNPATH_SEARCH_PATHS = "$(inherited) @executable_path/Frameworks";
				PRODUCT_NAME = "$(TARGET_NAME)";
			};
			name = Debug;
		};
		84F0CCEC1B7379770086CE42 /* Release */ = {
			isa = XCBuildConfiguration;
			buildSettings = {
				ASSETCATALOG_COMPILER_APPICON_NAME = AppIcon;
				INFOPLIST_FILE = AssignmentThree/Info.plist;
				LD_RUNPATH_SEARCH_PATHS = "$(inherited) @executable_path/Frameworks";
				PRODUCT_NAME = "$(TARGET_NAME)";
			};
			name = Release;
		};
		84F0CCEE1B7379770086CE42 /* Debug */ = {
			isa = XCBuildConfiguration;
			buildSettings = {
				BUNDLE_LOADER = "$(TEST_HOST)";
				FRAMEWORK_SEARCH_PATHS = (
					"$(SDKROOT)/Developer/Library/Frameworks",
					"$(inherited)",
				);
				GCC_PREPROCESSOR_DEFINITIONS = (
					"DEBUG=1",
					"$(inherited)",
				);
				INFOPLIST_FILE = AssignmentThreeTests/Info.plist;
				LD_RUNPATH_SEARCH_PATHS = "$(inherited) @executable_path/Frameworks @loader_path/Frameworks";
				PRODUCT_NAME = "$(TARGET_NAME)";
				TEST_HOST = "$(BUILT_PRODUCTS_DIR)/AssignmentThree.app/AssignmentThree";
			};
			name = Debug;
		};
		84F0CCEF1B7379770086CE42 /* Release */ = {
			isa = XCBuildConfiguration;
			buildSettings = {
				BUNDLE_LOADER = "$(TEST_HOST)";
				FRAMEWORK_SEARCH_PATHS = (
					"$(SDKROOT)/Developer/Library/Frameworks",
					"$(inherited)",
				);
				INFOPLIST_FILE = AssignmentThreeTests/Info.plist;
				LD_RUNPATH_SEARCH_PATHS = "$(inherited) @executable_path/Frameworks @loader_path/Frameworks";
				PRODUCT_NAME = "$(TARGET_NAME)";
				TEST_HOST = "$(BUILT_PRODUCTS_DIR)/AssignmentThree.app/AssignmentThree";
			};
			name = Release;
		};
/* End XCBuildConfiguration section */

/* Begin XCConfigurationList section */
		84F0CCC21B7379770086CE42 /* Build configuration list for PBXProject "AssignmentThree" */ = {
			isa = XCConfigurationList;
			buildConfigurations = (
				84F0CCE81B7379770086CE42 /* Debug */,
				84F0CCE91B7379770086CE42 /* Release */,
			);
			defaultConfigurationIsVisible = 0;
			defaultConfigurationName = Release;
		};
		84F0CCEA1B7379770086CE42 /* Build configuration list for PBXNativeTarget "AssignmentThree" */ = {
			isa = XCConfigurationList;
			buildConfigurations = (
				84F0CCEB1B7379770086CE42 /* Debug */,
				84F0CCEC1B7379770086CE42 /* Release */,
			);
			defaultConfigurationIsVisible = 0;
			defaultConfigurationName = Release;
		};
		84F0CCED1B7379770086CE42 /* Build configuration list for PBXNativeTarget "AssignmentThreeTests" */ = {
			isa = XCConfigurationList;
			buildConfigurations = (
				84F0CCEE1B7379770086CE42 /* Debug */,
				84F0CCEF1B7379770086CE42 /* Release */,
			);
			defaultConfigurationIsVisible = 0;
			defaultConfigurationName = Release;
		};
/* End XCConfigurationList section */
	};
	rootObject = 84F0CCBF1B7379770086CE42 /* Project object */;
}
