// !$*UTF8*$!
{
	archiveVersion = 1;
	classes = {
	};
	objectVersion = 46;
	objects = {

/* Begin PBXBuildFile section */
		8449DF2A1B84811A001FDC07 /* AppDelegate.swift in Sources */ = {isa = PBXBuildFile; fileRef = 8449DF291B84811A001FDC07 /* AppDelegate.swift */; };
		8449DF2C1B84811A001FDC07 /* ViewController.swift in Sources */ = {isa = PBXBuildFile; fileRef = 8449DF2B1B84811A001FDC07 /* ViewController.swift */; };
		8449DF2F1B84811A001FDC07 /* Main.storyboard in Resources */ = {isa = PBXBuildFile; fileRef = 8449DF2D1B84811A001FDC07 /* Main.storyboard */; };
		8449DF311B84811A001FDC07 /* Images.xcassets in Resources */ = {isa = PBXBuildFile; fileRef = 8449DF301B84811A001FDC07 /* Images.xcassets */; };
		8449DF341B84811A001FDC07 /* LaunchScreen.xib in Resources */ = {isa = PBXBuildFile; fileRef = 8449DF321B84811A001FDC07 /* LaunchScreen.xib */; };
		8449DF401B84811A001FDC07 /* AssignmentNineTests.swift in Sources */ = {isa = PBXBuildFile; fileRef = 8449DF3F1B84811A001FDC07 /* AssignmentNineTests.swift */; };
		8449DF511B8481C0001FDC07 /* Person.swift in Sources */ = {isa = PBXBuildFile; fileRef = 8449DF501B8481C0001FDC07 /* Person.swift */; };
		8449DF531B8481D1001FDC07 /* Employee.swift in Sources */ = {isa = PBXBuildFile; fileRef = 8449DF521B8481D1001FDC07 /* Employee.swift */; };
		8449DF551B8481E4001FDC07 /* Address.swift in Sources */ = {isa = PBXBuildFile; fileRef = 8449DF541B8481E4001FDC07 /* Address.swift */; };
/* End PBXBuildFile section */

/* Begin PBXContainerItemProxy section */
		8449DF3A1B84811A001FDC07 /* PBXContainerItemProxy */ = {
			isa = PBXContainerItemProxy;
			containerPortal = 8449DF1C1B84811A001FDC07 /* Project object */;
			proxyType = 1;
			remoteGlobalIDString = 8449DF231B84811A001FDC07;
			remoteInfo = AssignmentNine;
		};
/* End PBXContainerItemProxy section */

/* Begin PBXFileReference section */
		8449DF241B84811A001FDC07 /* AssignmentNine.app */ = {isa = PBXFileReference; explicitFileType = wrapper.application; includeInIndex = 0; path = AssignmentNine.app; sourceTree = BUILT_PRODUCTS_DIR; };
		8449DF281B84811A001FDC07 /* Info.plist */ = {isa = PBXFileReference; lastKnownFileType = text.plist.xml; path = Info.plist; sourceTree = "<group>"; };
		8449DF291B84811A001FDC07 /* AppDelegate.swift */ = {isa = PBXFileReference; lastKnownFileType = sourcecode.swift; path = AppDelegate.swift; sourceTree = "<group>"; };
		8449DF2B1B84811A001FDC07 /* ViewController.swift */ = {isa = PBXFileReference; lastKnownFileType = sourcecode.swift; path = ViewController.swift; sourceTree = "<group>"; };
		8449DF2E1B84811A001FDC07 /* Base */ = {isa = PBXFileReference; lastKnownFileType = file.storyboard; name = Base; path = Base.lproj/Main.storyboard; sourceTree = "<group>"; };
		8449DF301B84811A001FDC07 /* Images.xcassets */ = {isa = PBXFileReference; lastKnownFileType = folder.assetcatalog; path = Images.xcassets; sourceTree = "<group>"; };
		8449DF331B84811A001FDC07 /* Base */ = {isa = PBXFileReference; lastKnownFileType = file.xib; name = Base; path = Base.lproj/LaunchScreen.xib; sourceTree = "<group>"; };
		8449DF391B84811A001FDC07 /* AssignmentNineTests.xctest */ = {isa = PBXFileReference; explicitFileType = wrapper.cfbundle; includeInIndex = 0; path = AssignmentNineTests.xctest; sourceTree = BUILT_PRODUCTS_DIR; };
		8449DF3E1B84811A001FDC07 /* Info.plist */ = {isa = PBXFileReference; lastKnownFileType = text.plist.xml; path = Info.plist; sourceTree = "<group>"; };
		8449DF3F1B84811A001FDC07 /* AssignmentNineTests.swift */ = {isa = PBXFileReference; lastKnownFileType = sourcecode.swift; path = AssignmentNineTests.swift; sourceTree = "<group>"; };
		8449DF501B8481C0001FDC07 /* Person.swift */ = {isa = PBXFileReference; fileEncoding = 4; lastKnownFileType = sourcecode.swift; name = Person.swift; path = Models/Person.swift; sourceTree = "<group>"; };
		8449DF521B8481D1001FDC07 /* Employee.swift */ = {isa = PBXFileReference; fileEncoding = 4; lastKnownFileType = sourcecode.swift; name = Employee.swift; path = Models/Employee.swift; sourceTree = "<group>"; };
		8449DF541B8481E4001FDC07 /* Address.swift */ = {isa = PBXFileReference; fileEncoding = 4; lastKnownFileType = sourcecode.swift; name = Address.swift; path = Models/Address.swift; sourceTree = "<group>"; };
/* End PBXFileReference section */

/* Begin PBXFrameworksBuildPhase section */
		8449DF211B84811A001FDC07 /* Frameworks */ = {
			isa = PBXFrameworksBuildPhase;
			buildActionMask = 2147483647;
			files = (
			);
			runOnlyForDeploymentPostprocessing = 0;
		};
		8449DF361B84811A001FDC07 /* Frameworks */ = {
			isa = PBXFrameworksBuildPhase;
			buildActionMask = 2147483647;
			files = (
			);
			runOnlyForDeploymentPostprocessing = 0;
		};
/* End PBXFrameworksBuildPhase section */

/* Begin PBXGroup section */
		8449DF1B1B84811A001FDC07 = {
			isa = PBXGroup;
			children = (
				8449DF261B84811A001FDC07 /* AssignmentNine */,
				8449DF3C1B84811A001FDC07 /* AssignmentNineTests */,
				8449DF251B84811A001FDC07 /* Products */,
			);
			sourceTree = "<group>";
		};
		8449DF251B84811A001FDC07 /* Products */ = {
			isa = PBXGroup;
			children = (
				8449DF241B84811A001FDC07 /* AssignmentNine.app */,
				8449DF391B84811A001FDC07 /* AssignmentNineTests.xctest */,
			);
			name = Products;
			sourceTree = "<group>";
		};
		8449DF261B84811A001FDC07 /* AssignmentNine */ = {
			isa = PBXGroup;
			children = (
				8449DF491B84813A001FDC07 /* Models */,
				8449DF291B84811A001FDC07 /* AppDelegate.swift */,
				8449DF2B1B84811A001FDC07 /* ViewController.swift */,
				8449DF2D1B84811A001FDC07 /* Main.storyboard */,
				8449DF301B84811A001FDC07 /* Images.xcassets */,
				8449DF321B84811A001FDC07 /* LaunchScreen.xib */,
				8449DF271B84811A001FDC07 /* Supporting Files */,
			);
			path = AssignmentNine;
			sourceTree = "<group>";
		};
		8449DF271B84811A001FDC07 /* Supporting Files */ = {
			isa = PBXGroup;
			children = (
				8449DF281B84811A001FDC07 /* Info.plist */,
			);
			name = "Supporting Files";
			sourceTree = "<group>";
		};
		8449DF3C1B84811A001FDC07 /* AssignmentNineTests */ = {
			isa = PBXGroup;
			children = (
				8449DF3F1B84811A001FDC07 /* AssignmentNineTests.swift */,
				8449DF3D1B84811A001FDC07 /* Supporting Files */,
			);
			path = AssignmentNineTests;
			sourceTree = "<group>";
		};
		8449DF3D1B84811A001FDC07 /* Supporting Files */ = {
			isa = PBXGroup;
			children = (
				8449DF3E1B84811A001FDC07 /* Info.plist */,
			);
			name = "Supporting Files";
			sourceTree = "<group>";
		};
		8449DF491B84813A001FDC07 /* Models */ = {
			isa = PBXGroup;
			children = (
				8449DF501B8481C0001FDC07 /* Person.swift */,
				8449DF521B8481D1001FDC07 /* Employee.swift */,
				8449DF541B8481E4001FDC07 /* Address.swift */,
			);
			name = Models;
			sourceTree = "<group>";
		};
/* End PBXGroup section */

/* Begin PBXNativeTarget section */
		8449DF231B84811A001FDC07 /* AssignmentNine */ = {
			isa = PBXNativeTarget;
			buildConfigurationList = 8449DF431B84811A001FDC07 /* Build configuration list for PBXNativeTarget "AssignmentNine" */;
			buildPhases = (
				8449DF201B84811A001FDC07 /* Sources */,
				8449DF211B84811A001FDC07 /* Frameworks */,
				8449DF221B84811A001FDC07 /* Resources */,
			);
			buildRules = (
			);
			dependencies = (
			);
			name = AssignmentNine;
			productName = AssignmentNine;
			productReference = 8449DF241B84811A001FDC07 /* AssignmentNine.app */;
			productType = "com.apple.product-type.application";
		};
		8449DF381B84811A001FDC07 /* AssignmentNineTests */ = {
			isa = PBXNativeTarget;
			buildConfigurationList = 8449DF461B84811A001FDC07 /* Build configuration list for PBXNativeTarget "AssignmentNineTests" */;
			buildPhases = (
				8449DF351B84811A001FDC07 /* Sources */,
				8449DF361B84811A001FDC07 /* Frameworks */,
				8449DF371B84811A001FDC07 /* Resources */,
			);
			buildRules = (
			);
			dependencies = (
				8449DF3B1B84811A001FDC07 /* PBXTargetDependency */,
			);
			name = AssignmentNineTests;
			productName = AssignmentNineTests;
			productReference = 8449DF391B84811A001FDC07 /* AssignmentNineTests.xctest */;
			productType = "com.apple.product-type.bundle.unit-test";
		};
/* End PBXNativeTarget section */

/* Begin PBXProject section */
		8449DF1C1B84811A001FDC07 /* Project object */ = {
			isa = PBXProject;
			attributes = {
				LastUpgradeCheck = 0640;
				ORGANIZATIONNAME = weboniselab;
				TargetAttributes = {
					8449DF231B84811A001FDC07 = {
						CreatedOnToolsVersion = 6.4;
					};
					8449DF381B84811A001FDC07 = {
						CreatedOnToolsVersion = 6.4;
						TestTargetID = 8449DF231B84811A001FDC07;
					};
				};
			};
			buildConfigurationList = 8449DF1F1B84811A001FDC07 /* Build configuration list for PBXProject "AssignmentNine" */;
			compatibilityVersion = "Xcode 3.2";
			developmentRegion = English;
			hasScannedForEncodings = 0;
			knownRegions = (
				en,
				Base,
			);
			mainGroup = 8449DF1B1B84811A001FDC07;
			productRefGroup = 8449DF251B84811A001FDC07 /* Products */;
			projectDirPath = "";
			projectRoot = "";
			targets = (
				8449DF231B84811A001FDC07 /* AssignmentNine */,
				8449DF381B84811A001FDC07 /* AssignmentNineTests */,
			);
		};
/* End PBXProject section */

/* Begin PBXResourcesBuildPhase section */
		8449DF221B84811A001FDC07 /* Resources */ = {
			isa = PBXResourcesBuildPhase;
			buildActionMask = 2147483647;
			files = (
				8449DF2F1B84811A001FDC07 /* Main.storyboard in Resources */,
				8449DF341B84811A001FDC07 /* LaunchScreen.xib in Resources */,
				8449DF311B84811A001FDC07 /* Images.xcassets in Resources */,
			);
			runOnlyForDeploymentPostprocessing = 0;
		};
		8449DF371B84811A001FDC07 /* Resources */ = {
			isa = PBXResourcesBuildPhase;
			buildActionMask = 2147483647;
			files = (
			);
			runOnlyForDeploymentPostprocessing = 0;
		};
/* End PBXResourcesBuildPhase section */

/* Begin PBXSourcesBuildPhase section */
		8449DF201B84811A001FDC07 /* Sources */ = {
			isa = PBXSourcesBuildPhase;
			buildActionMask = 2147483647;
			files = (
				8449DF511B8481C0001FDC07 /* Person.swift in Sources */,
				8449DF531B8481D1001FDC07 /* Employee.swift in Sources */,
				8449DF2C1B84811A001FDC07 /* ViewController.swift in Sources */,
				8449DF2A1B84811A001FDC07 /* AppDelegate.swift in Sources */,
				8449DF551B8481E4001FDC07 /* Address.swift in Sources */,
			);
			runOnlyForDeploymentPostprocessing = 0;
		};
		8449DF351B84811A001FDC07 /* Sources */ = {
			isa = PBXSourcesBuildPhase;
			buildActionMask = 2147483647;
			files = (
				8449DF401B84811A001FDC07 /* AssignmentNineTests.swift in Sources */,
			);
			runOnlyForDeploymentPostprocessing = 0;
		};
/* End PBXSourcesBuildPhase section */

/* Begin PBXTargetDependency section */
		8449DF3B1B84811A001FDC07 /* PBXTargetDependency */ = {
			isa = PBXTargetDependency;
			target = 8449DF231B84811A001FDC07 /* AssignmentNine */;
			targetProxy = 8449DF3A1B84811A001FDC07 /* PBXContainerItemProxy */;
		};
/* End PBXTargetDependency section */

/* Begin PBXVariantGroup section */
		8449DF2D1B84811A001FDC07 /* Main.storyboard */ = {
			isa = PBXVariantGroup;
			children = (
				8449DF2E1B84811A001FDC07 /* Base */,
			);
			name = Main.storyboard;
			sourceTree = "<group>";
		};
		8449DF321B84811A001FDC07 /* LaunchScreen.xib */ = {
			isa = PBXVariantGroup;
			children = (
				8449DF331B84811A001FDC07 /* Base */,
			);
			name = LaunchScreen.xib;
			sourceTree = "<group>";
		};
/* End PBXVariantGroup section */

/* Begin XCBuildConfiguration section */
		8449DF411B84811A001FDC07 /* Debug */ = {
			isa = XCBuildConfiguration;
			buildSettings = {
				ALWAYS_SEARCH_USER_PATHS = NO;
				CLANG_CXX_LANGUAGE_STANDARD = "gnu++0x";
				CLANG_CXX_LIBRARY = "libc++";
				CLANG_ENABLE_MODULES = YES;
				CLANG_ENABLE_OBJC_ARC = YES;
				CLANG_WARN_BOOL_CONVERSION = YES;
				CLANG_WARN_CONSTANT_CONVERSION = YES;
				CLANG_WARN_DIRECT_OBJC_ISA_USAGE = YES_ERROR;
				CLANG_WARN_EMPTY_BODY = YES;
				CLANG_WARN_ENUM_CONVERSION = YES;
				CLANG_WARN_INT_CONVERSION = YES;
				CLANG_WARN_OBJC_ROOT_CLASS = YES_ERROR;
				CLANG_WARN_UNREACHABLE_CODE = YES;
				CLANG_WARN__DUPLICATE_METHOD_MATCH = YES;
				"CODE_SIGN_IDENTITY[sdk=iphoneos*]" = "iPhone Developer";
				COPY_PHASE_STRIP = NO;
				DEBUG_INFORMATION_FORMAT = "dwarf-with-dsym";
				ENABLE_STRICT_OBJC_MSGSEND = YES;
				GCC_C_LANGUAGE_STANDARD = gnu99;
				GCC_DYNAMIC_NO_PIC = NO;
				GCC_NO_COMMON_BLOCKS = YES;
				GCC_OPTIMIZATION_LEVEL = 0;
				GCC_PREPROCESSOR_DEFINITIONS = (
					"DEBUG=1",
					"$(inherited)",
				);
				GCC_SYMBOLS_PRIVATE_EXTERN = NO;
				GCC_WARN_64_TO_32_BIT_CONVERSION = YES;
				GCC_WARN_ABOUT_RETURN_TYPE = YES_ERROR;
				GCC_WARN_UNDECLARED_SELECTOR = YES;
				GCC_WARN_UNINITIALIZED_AUTOS = YES_AGGRESSIVE;
				GCC_WARN_UNUSED_FUNCTION = YES;
				GCC_WARN_UNUSED_VARIABLE = YES;
				IPHONEOS_DEPLOYMENT_TARGET = 8.4;
				MTL_ENABLE_DEBUG_INFO = YES;
				ONLY_ACTIVE_ARCH = YES;
				SDKROOT = iphoneos;
				SWIFT_OPTIMIZATION_LEVEL = "-Onone";
			};
			name = Debug;
		};
		8449DF421B84811A001FDC07 /* Release */ = {
			isa = XCBuildConfiguration;
			buildSettings = {
				ALWAYS_SEARCH_USER_PATHS = NO;
				CLANG_CXX_LANGUAGE_STANDARD = "gnu++0x";
				CLANG_CXX_LIBRARY = "libc++";
				CLANG_ENABLE_MODULES = YES;
				CLANG_ENABLE_OBJC_ARC = YES;
				CLANG_WARN_BOOL_CONVERSION = YES;
				CLANG_WARN_CONSTANT_CONVERSION = YES;
				CLANG_WARN_DIRECT_OBJC_ISA_USAGE = YES_ERROR;
				CLANG_WARN_EMPTY_BODY = YES;
				CLANG_WARN_ENUM_CONVERSION = YES;
				CLANG_WARN_INT_CONVERSION = YES;
				CLANG_WARN_OBJC_ROOT_CLASS = YES_ERROR;
				CLANG_WARN_UNREACHABLE_CODE = YES;
				CLANG_WARN__DUPLICATE_METHOD_MATCH = YES;
				"CODE_SIGN_IDENTITY[sdk=iphoneos*]" = "iPhone Developer";
				COPY_PHASE_STRIP = NO;
				DEBUG_INFORMATION_FORMAT = "dwarf-with-dsym";
				ENABLE_NS_ASSERTIONS = NO;
				ENABLE_STRICT_OBJC_MSGSEND = YES;
				GCC_C_LANGUAGE_STANDARD = gnu99;
				GCC_NO_COMMON_BLOCKS = YES;
				GCC_WARN_64_TO_32_BIT_CONVERSION = YES;
				GCC_WARN_ABOUT_RETURN_TYPE = YES_ERROR;
				GCC_WARN_UNDECLARED_SELECTOR = YES;
				GCC_WARN_UNINITIALIZED_AUTOS = YES_AGGRESSIVE;
				GCC_WARN_UNUSED_FUNCTION = YES;
				GCC_WARN_UNUSED_VARIABLE = YES;
				IPHONEOS_DEPLOYMENT_TARGET = 8.4;
				MTL_ENABLE_DEBUG_INFO = NO;
				SDKROOT = iphoneos;
				VALIDATE_PRODUCT = YES;
			};
			name = Release;
		};
		8449DF441B84811A001FDC07 /* Debug */ = {
			isa = XCBuildConfiguration;
			buildSettings = {
				ASSETCATALOG_COMPILER_APPICON_NAME = AppIcon;
				INFOPLIST_FILE = AssignmentNine/Info.plist;
				LD_RUNPATH_SEARCH_PATHS = "$(inherited) @executable_path/Frameworks";
				PRODUCT_NAME = "$(TARGET_NAME)";
			};
			name = Debug;
		};
		8449DF451B84811A001FDC07 /* Release */ = {
			isa = XCBuildConfiguration;
			buildSettings = {
				ASSETCATALOG_COMPILER_APPICON_NAME = AppIcon;
				INFOPLIST_FILE = AssignmentNine/Info.plist;
				LD_RUNPATH_SEARCH_PATHS = "$(inherited) @executable_path/Frameworks";
				PRODUCT_NAME = "$(TARGET_NAME)";
			};
			name = Release;
		};
		8449DF471B84811A001FDC07 /* Debug */ = {
			isa = XCBuildConfiguration;
			buildSettings = {
				BUNDLE_LOADER = "$(TEST_HOST)";
				FRAMEWORK_SEARCH_PATHS = (
					"$(SDKROOT)/Developer/Library/Frameworks",
					"$(inherited)",
				);
				GCC_PREPROCESSOR_DEFINITIONS = (
					"DEBUG=1",
					"$(inherited)",
				);
				INFOPLIST_FILE = AssignmentNineTests/Info.plist;
				LD_RUNPATH_SEARCH_PATHS = "$(inherited) @executable_path/Frameworks @loader_path/Frameworks";
				PRODUCT_NAME = "$(TARGET_NAME)";
				TEST_HOST = "$(BUILT_PRODUCTS_DIR)/AssignmentNine.app/AssignmentNine";
			};
			name = Debug;
		};
		8449DF481B84811A001FDC07 /* Release */ = {
			isa = XCBuildConfiguration;
			buildSettings = {
				BUNDLE_LOADER = "$(TEST_HOST)";
				FRAMEWORK_SEARCH_PATHS = (
					"$(SDKROOT)/Developer/Library/Frameworks",
					"$(inherited)",
				);
				INFOPLIST_FILE = AssignmentNineTests/Info.plist;
				LD_RUNPATH_SEARCH_PATHS = "$(inherited) @executable_path/Frameworks @loader_path/Frameworks";
				PRODUCT_NAME = "$(TARGET_NAME)";
				TEST_HOST = "$(BUILT_PRODUCTS_DIR)/AssignmentNine.app/AssignmentNine";
			};
			name = Release;
		};
/* End XCBuildConfiguration section */

/* Begin XCConfigurationList section */
		8449DF1F1B84811A001FDC07 /* Build configuration list for PBXProject "AssignmentNine" */ = {
			isa = XCConfigurationList;
			buildConfigurations = (
				8449DF411B84811A001FDC07 /* Debug */,
				8449DF421B84811A001FDC07 /* Release */,
			);
			defaultConfigurationIsVisible = 0;
			defaultConfigurationName = Release;
		};
		8449DF431B84811A001FDC07 /* Build configuration list for PBXNativeTarget "AssignmentNine" */ = {
			isa = XCConfigurationList;
			buildConfigurations = (
				8449DF441B84811A001FDC07 /* Debug */,
				8449DF451B84811A001FDC07 /* Release */,
			);
			defaultConfigurationIsVisible = 0;
		};
		8449DF461B84811A001FDC07 /* Build configuration list for PBXNativeTarget "AssignmentNineTests" */ = {
			isa = XCConfigurationList;
			buildConfigurations = (
				8449DF471B84811A001FDC07 /* Debug */,
				8449DF481B84811A001FDC07 /* Release */,
			);
			defaultConfigurationIsVisible = 0;
		};
/* End XCConfigurationList section */
	};
	rootObject = 8449DF1C1B84811A001FDC07 /* Project object */;
}
